
Microsoft Visual Studio Solution File, Format Version 12.00
# Visual Studio Version 16
VisualStudioVersion = 16.0.29503.13
MinimumVisualStudioVersion = 10.0.40219.1
Project("{FAE04EC0-301F-11D3-BF4B-00C04F79EFBC}") = "Day_22_CalculatorAppp", "Day_22_CalculatorAppp\Day_22_CalculatorAppp.csproj", "{094D3F86-06B5-4E48-8F45-F4D8BC03A012}"
EndProject
Global
	GlobalSection(SolutionConfigurationPlatforms) = preSolution
		Debug|Any CPU = Debug|Any CPU
		Release|Any CPU = Release|Any CPU
	EndGlobalSection
	GlobalSection(ProjectConfigurationPlatforms) = postSolution
		{094D3F86-06B5-4E48-8F45-F4D8BC03A012}.Debug|Any CPU.ActiveCfg = Debug|Any CPU
		{094D3F86-06B5-4E48-8F45-F4D8BC03A012}.Debug|Any CPU.Build.0 = Debug|Any CPU
		{094D3F86-06B5-4E48-8F45-F4D8BC03A012}.Release|Any CPU.ActiveCfg = Release|Any CPU
		{094D3F86-06B5-4E48-8F45-F4D8BC03A012}.Release|Any CPU.Build.0 = Release|Any CPU
	EndGlobalSection
	GlobalSection(SolutionProperties) = preSolution
		HideSolutionNode = FALSE
	EndGlobalSection
	GlobalSection(ExtensibilityGlobals) = postSolution
		SolutionGuid = {0D670DE3-820C-4F4F-B5CB-8B0DA1CA0C9F}
	EndGlobalSection
EndGlobal
